// !$*UTF8*$!
{
	archiveVersion = 1;
	classes = {
	};
	objectVersion = 46;
	objects = {

/* Begin PBXBuildFile section */
		880C85D61B293E42003AA21D /* hours.json in Resources */ = {isa = PBXBuildFile; fileRef = 880C85D31B293E42003AA21D /* hours.json */; };
		880C85D71B293E42003AA21D /* names.json in Resources */ = {isa = PBXBuildFile; fileRef = 880C85D41B293E42003AA21D /* names.json */; };
		880C85D81B293E42003AA21D /* numbers.json in Resources */ = {isa = PBXBuildFile; fileRef = 880C85D51B293E42003AA21D /* numbers.json */; };
		881672FB1AE43DBE0030ABAA /* DetailView.swift in Sources */ = {isa = PBXBuildFile; fileRef = 881672FA1AE43DBE0030ABAA /* DetailView.swift */; };
		884547351B23982100A1DA33 /* saveImg.png in Resources */ = {isa = PBXBuildFile; fileRef = 884547311B23982100A1DA33 /* saveImg.png */; };
		884547361B23982100A1DA33 /* Card3.png in Resources */ = {isa = PBXBuildFile; fileRef = 884547321B23982100A1DA33 /* Card3.png */; };
		884547371B23982100A1DA33 /* backImg.png in Resources */ = {isa = PBXBuildFile; fileRef = 884547331B23982100A1DA33 /* backImg.png */; };
		884547381B23982100A1DA33 /* callImg.png in Resources */ = {isa = PBXBuildFile; fileRef = 884547341B23982100A1DA33 /* callImg.png */; };
		884BCFB61B231ED60005716A /* AddImg.png in Resources */ = {isa = PBXBuildFile; fileRef = 884BCFB31B231ED60005716A /* AddImg.png */; };
		884BCFB71B231ED60005716A /* SeachImg.png in Resources */ = {isa = PBXBuildFile; fileRef = 884BCFB41B231ED60005716A /* SeachImg.png */; };
		884BCFB91B231F930005716A /* CallNoExpand.png in Resources */ = {isa = PBXBuildFile; fileRef = 884BCFB81B231F930005716A /* CallNoExpand.png */; };
		884BCFBD1B23238F0005716A /* Title.png in Resources */ = {isa = PBXBuildFile; fileRef = 884BCFBC1B23238F0005716A /* Title.png */; };
		885CB9291B27C2F500D91BBE /* heartImg3.png in Resources */ = {isa = PBXBuildFile; fileRef = 885CB9251B27C2F500D91BBE /* heartImg3.png */; };
		885CB92A1B27C2F500D91BBE /* heartCell2.png in Resources */ = {isa = PBXBuildFile; fileRef = 885CB9261B27C2F500D91BBE /* heartCell2.png */; };
		885CB92B1B27C2F500D91BBE /* callCell2.png in Resources */ = {isa = PBXBuildFile; fileRef = 885CB9271B27C2F500D91BBE /* callCell2.png */; };
		885CB92C1B27C2F500D91BBE /* checkCell2.png in Resources */ = {isa = PBXBuildFile; fileRef = 885CB9281B27C2F500D91BBE /* checkCell2.png */; };
		886F90B91B2BCB5B00B29DF2 /* ClearCall2.png in Resources */ = {isa = PBXBuildFile; fileRef = 886F90B81B2BCB5B00B29DF2 /* ClearCall2.png */; };
		88705EFD1AD9596C009E0F3C /* AppDelegate.swift in Sources */ = {isa = PBXBuildFile; fileRef = 88705EFC1AD9596C009E0F3C /* AppDelegate.swift */; };
		88705EFF1AD9596C009E0F3C /* ViewController.swift in Sources */ = {isa = PBXBuildFile; fileRef = 88705EFE1AD9596C009E0F3C /* ViewController.swift */; };
		88705F041AD9596C009E0F3C /* Images.xcassets in Resources */ = {isa = PBXBuildFile; fileRef = 88705F031AD9596C009E0F3C /* Images.xcassets */; };
		88705F071AD9596C009E0F3C /* LaunchScreen.xib in Resources */ = {isa = PBXBuildFile; fileRef = 88705F051AD9596C009E0F3C /* LaunchScreen.xib */; };
		88705F131AD9596C009E0F3C /* Customer_ServiceTests.swift in Sources */ = {isa = PBXBuildFile; fileRef = 88705F121AD9596C009E0F3C /* Customer_ServiceTests.swift */; };
		887519421B2CAD29003184CB /* callLogo.png in Resources */ = {isa = PBXBuildFile; fileRef = 887519411B2CAD29003184CB /* callLogo.png */; };
		889108881B2CC145001B253E /* Icon-60@3x.png in Resources */ = {isa = PBXBuildFile; fileRef = 889108821B2CC145001B253E /* Icon-60@3x.png */; };
		889108891B2CC145001B253E /* Icon-60@2x.png in Resources */ = {isa = PBXBuildFile; fileRef = 889108831B2CC145001B253E /* Icon-60@2x.png */; };
		8891088A1B2CC145001B253E /* Icon-40@3x.png in Resources */ = {isa = PBXBuildFile; fileRef = 889108841B2CC145001B253E /* Icon-40@3x.png */; };
		8891088B1B2CC145001B253E /* Icon-40@2x.png in Resources */ = {isa = PBXBuildFile; fileRef = 889108851B2CC145001B253E /* Icon-40@2x.png */; };
		8891088C1B2CC145001B253E /* Icon-29@3x.png in Resources */ = {isa = PBXBuildFile; fileRef = 889108861B2CC145001B253E /* Icon-29@3x.png */; };
		8891088D1B2CC145001B253E /* Icon-29@2x.png in Resources */ = {isa = PBXBuildFile; fileRef = 889108871B2CC145001B253E /* Icon-29@2x.png */; };
		8891088F1B2CEC7E001B253E /* helpDial.png in Resources */ = {isa = PBXBuildFile; fileRef = 8891088E1B2CEC7E001B253E /* helpDial.png */; };
		88D721791B1E8200008B1CF2 /* Main.storyboard in Resources */ = {isa = PBXBuildFile; fileRef = 88D721781B1E8200008B1CF2 /* Main.storyboard */; };
		88D721991B1E826C008B1CF2 /* AsyncButton.swift in Sources */ = {isa = PBXBuildFile; fileRef = 88D7217B1B1E826C008B1CF2 /* AsyncButton.swift */; };
		88D7219A1B1E826C008B1CF2 /* AsyncImageView.swift in Sources */ = {isa = PBXBuildFile; fileRef = 88D7217C1B1E826C008B1CF2 /* AsyncImageView.swift */; };
		88D7219B1B1E826C008B1CF2 /* AutoTextView.swift in Sources */ = {isa = PBXBuildFile; fileRef = 88D7217D1B1E826C008B1CF2 /* AutoTextView.swift */; };
		88D7219C1B1E826C008B1CF2 /* BlurView.swift in Sources */ = {isa = PBXBuildFile; fileRef = 88D7217E1B1E826C008B1CF2 /* BlurView.swift */; };
		88D7219D1B1E826C008B1CF2 /* DesignableButton.swift in Sources */ = {isa = PBXBuildFile; fileRef = 88D7217F1B1E826C008B1CF2 /* DesignableButton.swift */; };
		88D7219E1B1E826C008B1CF2 /* DesignableImageView.swift in Sources */ = {isa = PBXBuildFile; fileRef = 88D721801B1E826C008B1CF2 /* DesignableImageView.swift */; };
		88D7219F1B1E826C008B1CF2 /* DesignableLabel.swift in Sources */ = {isa = PBXBuildFile; fileRef = 88D721811B1E826C008B1CF2 /* DesignableLabel.swift */; };
		88D721A01B1E826C008B1CF2 /* DesignableTabBarController.swift in Sources */ = {isa = PBXBuildFile; fileRef = 88D721821B1E826C008B1CF2 /* DesignableTabBarController.swift */; };
		88D721A11B1E826C008B1CF2 /* DesignableTextField.swift in Sources */ = {isa = PBXBuildFile; fileRef = 88D721831B1E826C008B1CF2 /* DesignableTextField.swift */; };
		88D721A21B1E826C008B1CF2 /* DesignableTextView.swift in Sources */ = {isa = PBXBuildFile; fileRef = 88D721841B1E826C008B1CF2 /* DesignableTextView.swift */; };
		88D721A31B1E826C008B1CF2 /* DesignableView.swift in Sources */ = {isa = PBXBuildFile; fileRef = 88D721851B1E826C008B1CF2 /* DesignableView.swift */; };
		88D721A41B1E826C008B1CF2 /* ImageLoader.swift in Sources */ = {isa = PBXBuildFile; fileRef = 88D721861B1E826C008B1CF2 /* ImageLoader.swift */; };
		88D721A51B1E826C008B1CF2 /* Info.plist in Resources */ = {isa = PBXBuildFile; fileRef = 88D721871B1E826C008B1CF2 /* Info.plist */; };
		88D721A61B1E826C008B1CF2 /* KeyboardLayoutConstraint.swift in Sources */ = {isa = PBXBuildFile; fileRef = 88D721881B1E826C008B1CF2 /* KeyboardLayoutConstraint.swift */; };
		88D721A71B1E826C008B1CF2 /* LoadingView.swift in Sources */ = {isa = PBXBuildFile; fileRef = 88D721891B1E826C008B1CF2 /* LoadingView.swift */; };
		88D721A81B1E826C008B1CF2 /* LoadingView.xib in Resources */ = {isa = PBXBuildFile; fileRef = 88D7218A1B1E826C008B1CF2 /* LoadingView.xib */; };
		88D721A91B1E826C008B1CF2 /* Misc.swift in Sources */ = {isa = PBXBuildFile; fileRef = 88D7218B1B1E826C008B1CF2 /* Misc.swift */; };
		88D721AA1B1E826C008B1CF2 /* SoundPlayer.swift in Sources */ = {isa = PBXBuildFile; fileRef = 88D7218C1B1E826C008B1CF2 /* SoundPlayer.swift */; };
		88D721AB1B1E826C008B1CF2 /* Spring.swift in Sources */ = {isa = PBXBuildFile; fileRef = 88D7218E1B1E826C008B1CF2 /* Spring.swift */; };
		88D721AC1B1E826C008B1CF2 /* SpringAnimation.swift in Sources */ = {isa = PBXBuildFile; fileRef = 88D7218F1B1E826C008B1CF2 /* SpringAnimation.swift */; };
		88D721AD1B1E826C008B1CF2 /* SpringButton.swift in Sources */ = {isa = PBXBuildFile; fileRef = 88D721901B1E826C008B1CF2 /* SpringButton.swift */; };
		88D721AE1B1E826C008B1CF2 /* SpringImageView.swift in Sources */ = {isa = PBXBuildFile; fileRef = 88D721911B1E826C008B1CF2 /* SpringImageView.swift */; };
		88D721AF1B1E826C008B1CF2 /* SpringLabel.swift in Sources */ = {isa = PBXBuildFile; fileRef = 88D721921B1E826C008B1CF2 /* SpringLabel.swift */; };
		88D721B01B1E826C008B1CF2 /* SpringTextField.swift in Sources */ = {isa = PBXBuildFile; fileRef = 88D721931B1E826C008B1CF2 /* SpringTextField.swift */; };
		88D721B11B1E826C008B1CF2 /* SpringTextView.swift in Sources */ = {isa = PBXBuildFile; fileRef = 88D721941B1E826C008B1CF2 /* SpringTextView.swift */; };
		88D721B21B1E826C008B1CF2 /* SpringView.swift in Sources */ = {isa = PBXBuildFile; fileRef = 88D721951B1E826C008B1CF2 /* SpringView.swift */; };
		88D721B31B1E826C008B1CF2 /* TransitionManager.swift in Sources */ = {isa = PBXBuildFile; fileRef = 88D721961B1E826C008B1CF2 /* TransitionManager.swift */; };
		88D721B41B1E826C008B1CF2 /* TransitionZoom.swift in Sources */ = {isa = PBXBuildFile; fileRef = 88D721971B1E826C008B1CF2 /* TransitionZoom.swift */; };
		88D721B51B1E826C008B1CF2 /* UnwindSegue.swift in Sources */ = {isa = PBXBuildFile; fileRef = 88D721981B1E826C008B1CF2 /* UnwindSegue.swift */; };
		88E52C2B1B2BA73300DC1CD0 /* heartImg.png in Resources */ = {isa = PBXBuildFile; fileRef = 88E52C2A1B2BA73300DC1CD0 /* heartImg.png */; };
		88E52C2D1B2BCAE300DC1CD0 /* ClearCallImg.png in Resources */ = {isa = PBXBuildFile; fileRef = 88E52C2C1B2BCAE300DC1CD0 /* ClearCallImg.png */; };
		88F22B7F1AD96CF900282A80 /* Directory.swift in Sources */ = {isa = PBXBuildFile; fileRef = 88F22B7E1AD96CF900282A80 /* Directory.swift */; };
		88F69FF11B08FC40001C4BBB /* CustomCell.swift in Sources */ = {isa = PBXBuildFile; fileRef = 88F69FF01B08FC40001C4BBB /* CustomCell.swift */; };
/* End PBXBuildFile section */

/* Begin PBXContainerItemProxy section */
		88705F0D1AD9596C009E0F3C /* PBXContainerItemProxy */ = {
			isa = PBXContainerItemProxy;
			containerPortal = 88705EEF1AD9596C009E0F3C /* Project object */;
			proxyType = 1;
			remoteGlobalIDString = 88705EF61AD9596C009E0F3C;
			remoteInfo = "Customer Service";
		};
/* End PBXContainerItemProxy section */

/* Begin PBXFileReference section */
		880C85D31B293E42003AA21D /* hours.json */ = {isa = PBXFileReference; fileEncoding = 4; lastKnownFileType = text.json; path = hours.json; sourceTree = "<group>"; };
		880C85D41B293E42003AA21D /* names.json */ = {isa = PBXFileReference; fileEncoding = 4; lastKnownFileType = text.json; path = names.json; sourceTree = "<group>"; };
		880C85D51B293E42003AA21D /* numbers.json */ = {isa = PBXFileReference; fileEncoding = 4; lastKnownFileType = text.json; path = numbers.json; sourceTree = "<group>"; };
		881672FA1AE43DBE0030ABAA /* DetailView.swift */ = {isa = PBXFileReference; fileEncoding = 4; lastKnownFileType = sourcecode.swift; path = DetailView.swift; sourceTree = "<group>"; };
		884547311B23982100A1DA33 /* saveImg.png */ = {isa = PBXFileReference; lastKnownFileType = image.png; path = saveImg.png; sourceTree = "<group>"; };
		884547321B23982100A1DA33 /* Card3.png */ = {isa = PBXFileReference; lastKnownFileType = image.png; path = Card3.png; sourceTree = "<group>"; };
		884547331B23982100A1DA33 /* backImg.png */ = {isa = PBXFileReference; lastKnownFileType = image.png; path = backImg.png; sourceTree = "<group>"; };
		884547341B23982100A1DA33 /* callImg.png */ = {isa = PBXFileReference; lastKnownFileType = image.png; path = callImg.png; sourceTree = "<group>"; };
		884BCFB31B231ED60005716A /* AddImg.png */ = {isa = PBXFileReference; lastKnownFileType = image.png; path = AddImg.png; sourceTree = "<group>"; };
		884BCFB41B231ED60005716A /* SeachImg.png */ = {isa = PBXFileReference; lastKnownFileType = image.png; path = SeachImg.png; sourceTree = "<group>"; };
		884BCFB81B231F930005716A /* CallNoExpand.png */ = {isa = PBXFileReference; lastKnownFileType = image.png; path = CallNoExpand.png; sourceTree = "<group>"; };
		884BCFBC1B23238F0005716A /* Title.png */ = {isa = PBXFileReference; lastKnownFileType = image.png; path = Title.png; sourceTree = "<group>"; };
		885CB9251B27C2F500D91BBE /* heartImg3.png */ = {isa = PBXFileReference; lastKnownFileType = image.png; path = heartImg3.png; sourceTree = "<group>"; };
		885CB9261B27C2F500D91BBE /* heartCell2.png */ = {isa = PBXFileReference; lastKnownFileType = image.png; path = heartCell2.png; sourceTree = "<group>"; };
		885CB9271B27C2F500D91BBE /* callCell2.png */ = {isa = PBXFileReference; lastKnownFileType = image.png; path = callCell2.png; sourceTree = "<group>"; };
		885CB9281B27C2F500D91BBE /* checkCell2.png */ = {isa = PBXFileReference; lastKnownFileType = image.png; path = checkCell2.png; sourceTree = "<group>"; };
		886F90B81B2BCB5B00B29DF2 /* ClearCall2.png */ = {isa = PBXFileReference; lastKnownFileType = image.png; path = ClearCall2.png; sourceTree = "<group>"; };
		88705EF71AD9596C009E0F3C /* HelpDial.app */ = {isa = PBXFileReference; explicitFileType = wrapper.application; includeInIndex = 0; path = HelpDial.app; sourceTree = BUILT_PRODUCTS_DIR; };
		88705EFB1AD9596C009E0F3C /* Info.plist */ = {isa = PBXFileReference; lastKnownFileType = text.plist.xml; path = Info.plist; sourceTree = "<group>"; };
		88705EFC1AD9596C009E0F3C /* AppDelegate.swift */ = {isa = PBXFileReference; lastKnownFileType = sourcecode.swift; path = AppDelegate.swift; sourceTree = "<group>"; };
		88705EFE1AD9596C009E0F3C /* ViewController.swift */ = {isa = PBXFileReference; lastKnownFileType = sourcecode.swift; path = ViewController.swift; sourceTree = "<group>"; };
		88705F031AD9596C009E0F3C /* Images.xcassets */ = {isa = PBXFileReference; lastKnownFileType = folder.assetcatalog; path = Images.xcassets; sourceTree = "<group>"; };
		88705F061AD9596C009E0F3C /* Base */ = {isa = PBXFileReference; lastKnownFileType = file.xib; name = Base; path = Base.lproj/LaunchScreen.xib; sourceTree = "<group>"; };
		88705F0C1AD9596C009E0F3C /* HelpDialTests.xctest */ = {isa = PBXFileReference; explicitFileType = wrapper.cfbundle; includeInIndex = 0; path = HelpDialTests.xctest; sourceTree = BUILT_PRODUCTS_DIR; };
		88705F111AD9596C009E0F3C /* Info.plist */ = {isa = PBXFileReference; lastKnownFileType = text.plist.xml; path = Info.plist; sourceTree = "<group>"; };
		88705F121AD9596C009E0F3C /* Customer_ServiceTests.swift */ = {isa = PBXFileReference; lastKnownFileType = sourcecode.swift; path = Customer_ServiceTests.swift; sourceTree = "<group>"; };
		887519411B2CAD29003184CB /* callLogo.png */ = {isa = PBXFileReference; lastKnownFileType = image.png; path = callLogo.png; sourceTree = "<group>"; };
		889108821B2CC145001B253E /* Icon-60@3x.png */ = {isa = PBXFileReference; lastKnownFileType = image.png; path = "Icon-60@3x.png"; sourceTree = "<group>"; };
		889108831B2CC145001B253E /* Icon-60@2x.png */ = {isa = PBXFileReference; lastKnownFileType = image.png; path = "Icon-60@2x.png"; sourceTree = "<group>"; };
		889108841B2CC145001B253E /* Icon-40@3x.png */ = {isa = PBXFileReference; lastKnownFileType = image.png; path = "Icon-40@3x.png"; sourceTree = "<group>"; };
		889108851B2CC145001B253E /* Icon-40@2x.png */ = {isa = PBXFileReference; lastKnownFileType = image.png; path = "Icon-40@2x.png"; sourceTree = "<group>"; };
		889108861B2CC145001B253E /* Icon-29@3x.png */ = {isa = PBXFileReference; lastKnownFileType = image.png; path = "Icon-29@3x.png"; sourceTree = "<group>"; };
		889108871B2CC145001B253E /* Icon-29@2x.png */ = {isa = PBXFileReference; lastKnownFileType = image.png; path = "Icon-29@2x.png"; sourceTree = "<group>"; };
		8891088E1B2CEC7E001B253E /* helpDial.png */ = {isa = PBXFileReference; lastKnownFileType = image.png; path = helpDial.png; sourceTree = "<group>"; };
		88D721781B1E8200008B1CF2 /* Main.storyboard */ = {isa = PBXFileReference; fileEncoding = 4; lastKnownFileType = file.storyboard; path = Main.storyboard; sourceTree = "<group>"; };
		88D7217B1B1E826C008B1CF2 /* AsyncButton.swift */ = {isa = PBXFileReference; fileEncoding = 4; lastKnownFileType = sourcecode.swift; name = AsyncButton.swift; path = Spring/AsyncButton.swift; sourceTree = "<group>"; };
		88D7217C1B1E826C008B1CF2 /* AsyncImageView.swift */ = {isa = PBXFileReference; fileEncoding = 4; lastKnownFileType = sourcecode.swift; name = AsyncImageView.swift; path = Spring/AsyncImageView.swift; sourceTree = "<group>"; };
		88D7217D1B1E826C008B1CF2 /* AutoTextView.swift */ = {isa = PBXFileReference; fileEncoding = 4; lastKnownFileType = sourcecode.swift; name = AutoTextView.swift; path = Spring/AutoTextView.swift; sourceTree = "<group>"; };
		88D7217E1B1E826C008B1CF2 /* BlurView.swift */ = {isa = PBXFileReference; fileEncoding = 4; lastKnownFileType = sourcecode.swift; name = BlurView.swift; path = Spring/BlurView.swift; sourceTree = "<group>"; };
		88D7217F1B1E826C008B1CF2 /* DesignableButton.swift */ = {isa = PBXFileReference; fileEncoding = 4; lastKnownFileType = sourcecode.swift; name = DesignableButton.swift; path = Spring/DesignableButton.swift; sourceTree = "<group>"; };
		88D721801B1E826C008B1CF2 /* DesignableImageView.swift */ = {isa = PBXFileReference; fileEncoding = 4; lastKnownFileType = sourcecode.swift; name = DesignableImageView.swift; path = Spring/DesignableImageView.swift; sourceTree = "<group>"; };
		88D721811B1E826C008B1CF2 /* DesignableLabel.swift */ = {isa = PBXFileReference; fileEncoding = 4; lastKnownFileType = sourcecode.swift; name = DesignableLabel.swift; path = Spring/DesignableLabel.swift; sourceTree = "<group>"; };
		88D721821B1E826C008B1CF2 /* DesignableTabBarController.swift */ = {isa = PBXFileReference; fileEncoding = 4; lastKnownFileType = sourcecode.swift; name = DesignableTabBarController.swift; path = Spring/DesignableTabBarController.swift; sourceTree = "<group>"; };
		88D721831B1E826C008B1CF2 /* DesignableTextField.swift */ = {isa = PBXFileReference; fileEncoding = 4; lastKnownFileType = sourcecode.swift; name = DesignableTextField.swift; path = Spring/DesignableTextField.swift; sourceTree = "<group>"; };
		88D721841B1E826C008B1CF2 /* DesignableTextView.swift */ = {isa = PBXFileReference; fileEncoding = 4; lastKnownFileType = sourcecode.swift; name = DesignableTextView.swift; path = Spring/DesignableTextView.swift; sourceTree = "<group>"; };
		88D721851B1E826C008B1CF2 /* DesignableView.swift */ = {isa = PBXFileReference; fileEncoding = 4; lastKnownFileType = sourcecode.swift; name = DesignableView.swift; path = Spring/DesignableView.swift; sourceTree = "<group>"; };
		88D721861B1E826C008B1CF2 /* ImageLoader.swift */ = {isa = PBXFileReference; fileEncoding = 4; lastKnownFileType = sourcecode.swift; name = ImageLoader.swift; path = Spring/ImageLoader.swift; sourceTree = "<group>"; };
		88D721871B1E826C008B1CF2 /* Info.plist */ = {isa = PBXFileReference; fileEncoding = 4; lastKnownFileType = text.plist.xml; name = Info.plist; path = Spring/Info.plist; sourceTree = "<group>"; };
		88D721881B1E826C008B1CF2 /* KeyboardLayoutConstraint.swift */ = {isa = PBXFileReference; fileEncoding = 4; lastKnownFileType = sourcecode.swift; name = KeyboardLayoutConstraint.swift; path = Spring/KeyboardLayoutConstraint.swift; sourceTree = "<group>"; };
		88D721891B1E826C008B1CF2 /* LoadingView.swift */ = {isa = PBXFileReference; fileEncoding = 4; lastKnownFileType = sourcecode.swift; name = LoadingView.swift; path = Spring/LoadingView.swift; sourceTree = "<group>"; };
		88D7218A1B1E826C008B1CF2 /* LoadingView.xib */ = {isa = PBXFileReference; fileEncoding = 4; lastKnownFileType = file.xib; name = LoadingView.xib; path = Spring/LoadingView.xib; sourceTree = "<group>"; };
		88D7218B1B1E826C008B1CF2 /* Misc.swift */ = {isa = PBXFileReference; fileEncoding = 4; lastKnownFileType = sourcecode.swift; name = Misc.swift; path = Spring/Misc.swift; sourceTree = "<group>"; };
		88D7218C1B1E826C008B1CF2 /* SoundPlayer.swift */ = {isa = PBXFileReference; fileEncoding = 4; lastKnownFileType = sourcecode.swift; name = SoundPlayer.swift; path = Spring/SoundPlayer.swift; sourceTree = "<group>"; };
		88D7218D1B1E826C008B1CF2 /* Spring.h */ = {isa = PBXFileReference; fileEncoding = 4; lastKnownFileType = sourcecode.c.h; name = Spring.h; path = Spring/Spring.h; sourceTree = "<group>"; };
		88D7218E1B1E826C008B1CF2 /* Spring.swift */ = {isa = PBXFileReference; fileEncoding = 4; lastKnownFileType = sourcecode.swift; name = Spring.swift; path = Spring/Spring.swift; sourceTree = "<group>"; };
		88D7218F1B1E826C008B1CF2 /* SpringAnimation.swift */ = {isa = PBXFileReference; fileEncoding = 4; lastKnownFileType = sourcecode.swift; name = SpringAnimation.swift; path = Spring/SpringAnimation.swift; sourceTree = "<group>"; };
		88D721901B1E826C008B1CF2 /* SpringButton.swift */ = {isa = PBXFileReference; fileEncoding = 4; lastKnownFileType = sourcecode.swift; name = SpringButton.swift; path = Spring/SpringButton.swift; sourceTree = "<group>"; };
		88D721911B1E826C008B1CF2 /* SpringImageView.swift */ = {isa = PBXFileReference; fileEncoding = 4; lastKnownFileType = sourcecode.swift; name = SpringImageView.swift; path = Spring/SpringImageView.swift; sourceTree = "<group>"; };
		88D721921B1E826C008B1CF2 /* SpringLabel.swift */ = {isa = PBXFileReference; fileEncoding = 4; lastKnownFileType = sourcecode.swift; name = SpringLabel.swift; path = Spring/SpringLabel.swift; sourceTree = "<group>"; };
		88D721931B1E826C008B1CF2 /* SpringTextField.swift */ = {isa = PBXFileReference; fileEncoding = 4; lastKnownFileType = sourcecode.swift; name = SpringTextField.swift; path = Spring/SpringTextField.swift; sourceTree = "<group>"; };
		88D721941B1E826C008B1CF2 /* SpringTextView.swift */ = {isa = PBXFileReference; fileEncoding = 4; lastKnownFileType = sourcecode.swift; name = SpringTextView.swift; path = Spring/SpringTextView.swift; sourceTree = "<group>"; };
		88D721951B1E826C008B1CF2 /* SpringView.swift */ = {isa = PBXFileReference; fileEncoding = 4; lastKnownFileType = sourcecode.swift; name = SpringView.swift; path = Spring/SpringView.swift; sourceTree = "<group>"; };
		88D721961B1E826C008B1CF2 /* TransitionManager.swift */ = {isa = PBXFileReference; fileEncoding = 4; lastKnownFileType = sourcecode.swift; name = TransitionManager.swift; path = Spring/TransitionManager.swift; sourceTree = "<group>"; };
		88D721971B1E826C008B1CF2 /* TransitionZoom.swift */ = {isa = PBXFileReference; fileEncoding = 4; lastKnownFileType = sourcecode.swift; name = TransitionZoom.swift; path = Spring/TransitionZoom.swift; sourceTree = "<group>"; };
		88D721981B1E826C008B1CF2 /* UnwindSegue.swift */ = {isa = PBXFileReference; fileEncoding = 4; lastKnownFileType = sourcecode.swift; name = UnwindSegue.swift; path = Spring/UnwindSegue.swift; sourceTree = "<group>"; };
		88E52C2A1B2BA73300DC1CD0 /* heartImg.png */ = {isa = PBXFileReference; lastKnownFileType = image.png; path = heartImg.png; sourceTree = "<group>"; };
		88E52C2C1B2BCAE300DC1CD0 /* ClearCallImg.png */ = {isa = PBXFileReference; lastKnownFileType = image.png; path = ClearCallImg.png; sourceTree = "<group>"; };
		88F22B7E1AD96CF900282A80 /* Directory.swift */ = {isa = PBXFileReference; fileEncoding = 4; lastKnownFileType = sourcecode.swift; path = Directory.swift; sourceTree = "<group>"; };
		88F69FF01B08FC40001C4BBB /* CustomCell.swift */ = {isa = PBXFileReference; fileEncoding = 4; lastKnownFileType = sourcecode.swift; path = CustomCell.swift; sourceTree = "<group>"; };
/* End PBXFileReference section */

/* Begin PBXFrameworksBuildPhase section */
		88705EF41AD9596C009E0F3C /* Frameworks */ = {
			isa = PBXFrameworksBuildPhase;
			buildActionMask = 2147483647;
			files = (
			);
			runOnlyForDeploymentPostprocessing = 0;
		};
		88705F091AD9596C009E0F3C /* Frameworks */ = {
			isa = PBXFrameworksBuildPhase;
			buildActionMask = 2147483647;
			files = (
			);
			runOnlyForDeploymentPostprocessing = 0;
		};
/* End PBXFrameworksBuildPhase section */

/* Begin PBXGroup section */
		88705EEE1AD9596C009E0F3C = {
			isa = PBXGroup;
			children = (
				88705EF91AD9596C009E0F3C /* Customer Service */,
				88705F0F1AD9596C009E0F3C /* Customer ServiceTests */,
				88705EF81AD9596C009E0F3C /* Products */,
			);
			sourceTree = "<group>";
		};
		88705EF81AD9596C009E0F3C /* Products */ = {
			isa = PBXGroup;
			children = (
				88705EF71AD9596C009E0F3C /* HelpDial.app */,
				88705F0C1AD9596C009E0F3C /* HelpDialTests.xctest */,
			);
			name = Products;
			sourceTree = "<group>";
		};
		88705EF91AD9596C009E0F3C /* Customer Service */ = {
			isa = PBXGroup;
			children = (
				88D7217A1B1E8263008B1CF2 /* New Group */,
				880C85D31B293E42003AA21D /* hours.json */,
				880C85D41B293E42003AA21D /* names.json */,
				880C85D51B293E42003AA21D /* numbers.json */,
				889108821B2CC145001B253E /* Icon-60@3x.png */,
				889108831B2CC145001B253E /* Icon-60@2x.png */,
				889108841B2CC145001B253E /* Icon-40@3x.png */,
				889108851B2CC145001B253E /* Icon-40@2x.png */,
				8891088E1B2CEC7E001B253E /* helpDial.png */,
				889108861B2CC145001B253E /* Icon-29@3x.png */,
				889108871B2CC145001B253E /* Icon-29@2x.png */,
				884BCFBC1B23238F0005716A /* Title.png */,
				884BCFB31B231ED60005716A /* AddImg.png */,
				884BCFB41B231ED60005716A /* SeachImg.png */,
				88E52C2C1B2BCAE300DC1CD0 /* ClearCallImg.png */,
				886F90B81B2BCB5B00B29DF2 /* ClearCall2.png */,
				88E52C2A1B2BA73300DC1CD0 /* heartImg.png */,
				887519411B2CAD29003184CB /* callLogo.png */,
				884547311B23982100A1DA33 /* saveImg.png */,
				884547321B23982100A1DA33 /* Card3.png */,
				884547331B23982100A1DA33 /* backImg.png */,
				884547341B23982100A1DA33 /* callImg.png */,
				885CB9251B27C2F500D91BBE /* heartImg3.png */,
				885CB9261B27C2F500D91BBE /* heartCell2.png */,
				885CB9271B27C2F500D91BBE /* callCell2.png */,
				885CB9281B27C2F500D91BBE /* checkCell2.png */,
				884BCFB81B231F930005716A /* CallNoExpand.png */,
				88D721781B1E8200008B1CF2 /* Main.storyboard */,
				88705EFC1AD9596C009E0F3C /* AppDelegate.swift */,
				88705EFE1AD9596C009E0F3C /* ViewController.swift */,
				88F69FF01B08FC40001C4BBB /* CustomCell.swift */,
				88F22B7E1AD96CF900282A80 /* Directory.swift */,
				881672FA1AE43DBE0030ABAA /* DetailView.swift */,
				88705F031AD9596C009E0F3C /* Images.xcassets */,
				88705F051AD9596C009E0F3C /* LaunchScreen.xib */,
				88705EFA1AD9596C009E0F3C /* Supporting Files */,
			);
			path = "Customer Service";
			sourceTree = "<group>";
		};
		88705EFA1AD9596C009E0F3C /* Supporting Files */ = {
			isa = PBXGroup;
			children = (
				88705EFB1AD9596C009E0F3C /* Info.plist */,
			);
			name = "Supporting Files";
			sourceTree = "<group>";
		};
		88705F0F1AD9596C009E0F3C /* Customer ServiceTests */ = {
			isa = PBXGroup;
			children = (
				88705F121AD9596C009E0F3C /* Customer_ServiceTests.swift */,
				88705F101AD9596C009E0F3C /* Supporting Files */,
			);
			path = "Customer ServiceTests";
			sourceTree = "<group>";
		};
		88705F101AD9596C009E0F3C /* Supporting Files */ = {
			isa = PBXGroup;
			children = (
				88705F111AD9596C009E0F3C /* Info.plist */,
			);
			name = "Supporting Files";
			sourceTree = "<group>";
		};
		88D7217A1B1E8263008B1CF2 /* New Group */ = {
			isa = PBXGroup;
			children = (
				88D7217B1B1E826C008B1CF2 /* AsyncButton.swift */,
				88D7217C1B1E826C008B1CF2 /* AsyncImageView.swift */,
				88D7217D1B1E826C008B1CF2 /* AutoTextView.swift */,
				88D7217E1B1E826C008B1CF2 /* BlurView.swift */,
				88D7217F1B1E826C008B1CF2 /* DesignableButton.swift */,
				88D721801B1E826C008B1CF2 /* DesignableImageView.swift */,
				88D721811B1E826C008B1CF2 /* DesignableLabel.swift */,
				88D721821B1E826C008B1CF2 /* DesignableTabBarController.swift */,
				88D721831B1E826C008B1CF2 /* DesignableTextField.swift */,
				88D721841B1E826C008B1CF2 /* DesignableTextView.swift */,
				88D721851B1E826C008B1CF2 /* DesignableView.swift */,
				88D721861B1E826C008B1CF2 /* ImageLoader.swift */,
				88D721871B1E826C008B1CF2 /* Info.plist */,
				88D721881B1E826C008B1CF2 /* KeyboardLayoutConstraint.swift */,
				88D721891B1E826C008B1CF2 /* LoadingView.swift */,
				88D7218A1B1E826C008B1CF2 /* LoadingView.xib */,
				88D7218B1B1E826C008B1CF2 /* Misc.swift */,
				88D7218C1B1E826C008B1CF2 /* SoundPlayer.swift */,
				88D7218D1B1E826C008B1CF2 /* Spring.h */,
				88D7218E1B1E826C008B1CF2 /* Spring.swift */,
				88D7218F1B1E826C008B1CF2 /* SpringAnimation.swift */,
				88D721901B1E826C008B1CF2 /* SpringButton.swift */,
				88D721911B1E826C008B1CF2 /* SpringImageView.swift */,
				88D721921B1E826C008B1CF2 /* SpringLabel.swift */,
				88D721931B1E826C008B1CF2 /* SpringTextField.swift */,
				88D721941B1E826C008B1CF2 /* SpringTextView.swift */,
				88D721951B1E826C008B1CF2 /* SpringView.swift */,
				88D721961B1E826C008B1CF2 /* TransitionManager.swift */,
				88D721971B1E826C008B1CF2 /* TransitionZoom.swift */,
				88D721981B1E826C008B1CF2 /* UnwindSegue.swift */,
			);
			name = "New Group";
			sourceTree = "<group>";
		};
/* End PBXGroup section */

/* Begin PBXNativeTarget section */
		88705EF61AD9596C009E0F3C /* HelpDial */ = {
			isa = PBXNativeTarget;
			buildConfigurationList = 88705F161AD9596C009E0F3C /* Build configuration list for PBXNativeTarget "HelpDial" */;
			buildPhases = (
				88705EF31AD9596C009E0F3C /* Sources */,
				88705EF41AD9596C009E0F3C /* Frameworks */,
				88705EF51AD9596C009E0F3C /* Resources */,
			);
			buildRules = (
			);
			dependencies = (
			);
			name = HelpDial;
			productName = "Customer Service";
			productReference = 88705EF71AD9596C009E0F3C /* HelpDial.app */;
			productType = "com.apple.product-type.application";
		};
		88705F0B1AD9596C009E0F3C /* HelpDialTests */ = {
			isa = PBXNativeTarget;
			buildConfigurationList = 88705F191AD9596C009E0F3C /* Build configuration list for PBXNativeTarget "HelpDialTests" */;
			buildPhases = (
				88705F081AD9596C009E0F3C /* Sources */,
				88705F091AD9596C009E0F3C /* Frameworks */,
				88705F0A1AD9596C009E0F3C /* Resources */,
			);
			buildRules = (
			);
			dependencies = (
				88705F0E1AD9596C009E0F3C /* PBXTargetDependency */,
			);
			name = HelpDialTests;
			productName = "Customer ServiceTests";
			productReference = 88705F0C1AD9596C009E0F3C /* HelpDialTests.xctest */;
			productType = "com.apple.product-type.bundle.unit-test";
		};
/* End PBXNativeTarget section */

/* Begin PBXProject section */
		88705EEF1AD9596C009E0F3C /* Project object */ = {
			isa = PBXProject;
			attributes = {
				LastSwiftUpdateCheck = 0700;
				LastUpgradeCheck = 0630;
				ORGANIZATIONNAME = "Stephen Casella";
				TargetAttributes = {
					88705EF61AD9596C009E0F3C = {
						CreatedOnToolsVersion = 6.2;
						DevelopmentTeam = 9ZJC9RDWN7;
					};
					88705F0B1AD9596C009E0F3C = {
						CreatedOnToolsVersion = 6.2;
						TestTargetID = 88705EF61AD9596C009E0F3C;
					};
				};
			};
			buildConfigurationList = 88705EF21AD9596C009E0F3C /* Build configuration list for PBXProject "HelpDial" */;
			compatibilityVersion = "Xcode 3.2";
			developmentRegion = English;
			hasScannedForEncodings = 0;
			knownRegions = (
				en,
				Base,
			);
			mainGroup = 88705EEE1AD9596C009E0F3C;
			productRefGroup = 88705EF81AD9596C009E0F3C /* Products */;
			projectDirPath = "";
			projectRoot = "";
			targets = (
				88705EF61AD9596C009E0F3C /* HelpDial */,
				88705F0B1AD9596C009E0F3C /* HelpDialTests */,
			);
		};
/* End PBXProject section */

/* Begin PBXResourcesBuildPhase section */
		88705EF51AD9596C009E0F3C /* Resources */ = {
			isa = PBXResourcesBuildPhase;
			buildActionMask = 2147483647;
			files = (
				884BCFB71B231ED60005716A /* SeachImg.png in Resources */,
				889108881B2CC145001B253E /* Icon-60@3x.png in Resources */,
				884BCFB61B231ED60005716A /* AddImg.png in Resources */,
				8891088F1B2CEC7E001B253E /* helpDial.png in Resources */,
				88D721791B1E8200008B1CF2 /* Main.storyboard in Resources */,
				8891088A1B2CC145001B253E /* Icon-40@3x.png in Resources */,
				884BCFBD1B23238F0005716A /* Title.png in Resources */,
				885CB92C1B27C2F500D91BBE /* checkCell2.png in Resources */,
				884BCFB91B231F930005716A /* CallNoExpand.png in Resources */,
				884547381B23982100A1DA33 /* callImg.png in Resources */,
				885CB9291B27C2F500D91BBE /* heartImg3.png in Resources */,
				8891088C1B2CC145001B253E /* Icon-29@3x.png in Resources */,
				88705F071AD9596C009E0F3C /* LaunchScreen.xib in Resources */,
				880C85D71B293E42003AA21D /* names.json in Resources */,
				884547361B23982100A1DA33 /* Card3.png in Resources */,
				88705F041AD9596C009E0F3C /* Images.xcassets in Resources */,
				887519421B2CAD29003184CB /* callLogo.png in Resources */,
				880C85D81B293E42003AA21D /* numbers.json in Resources */,
				889108891B2CC145001B253E /* Icon-60@2x.png in Resources */,
				885CB92A1B27C2F500D91BBE /* heartCell2.png in Resources */,
				884547351B23982100A1DA33 /* saveImg.png in Resources */,
				88E52C2B1B2BA73300DC1CD0 /* heartImg.png in Resources */,
				880C85D61B293E42003AA21D /* hours.json in Resources */,
				88D721A81B1E826C008B1CF2 /* LoadingView.xib in Resources */,
				884547371B23982100A1DA33 /* backImg.png in Resources */,
				88E52C2D1B2BCAE300DC1CD0 /* ClearCallImg.png in Resources */,
				885CB92B1B27C2F500D91BBE /* callCell2.png in Resources */,
				8891088B1B2CC145001B253E /* Icon-40@2x.png in Resources */,
				88D721A51B1E826C008B1CF2 /* Info.plist in Resources */,
				8891088D1B2CC145001B253E /* Icon-29@2x.png in Resources */,
				886F90B91B2BCB5B00B29DF2 /* ClearCall2.png in Resources */,
			);
			runOnlyForDeploymentPostprocessing = 0;
		};
		88705F0A1AD9596C009E0F3C /* Resources */ = {
			isa = PBXResourcesBuildPhase;
			buildActionMask = 2147483647;
			files = (
			);
			runOnlyForDeploymentPostprocessing = 0;
		};
/* End PBXResourcesBuildPhase section */

/* Begin PBXSourcesBuildPhase section */
		88705EF31AD9596C009E0F3C /* Sources */ = {
			isa = PBXSourcesBuildPhase;
			buildActionMask = 2147483647;
			files = (
				881672FB1AE43DBE0030ABAA /* DetailView.swift in Sources */,
				88D721AA1B1E826C008B1CF2 /* SoundPlayer.swift in Sources */,
				88D7219E1B1E826C008B1CF2 /* DesignableImageView.swift in Sources */,
				88D721B01B1E826C008B1CF2 /* SpringTextField.swift in Sources */,
				88705EFF1AD9596C009E0F3C /* ViewController.swift in Sources */,
				88D721A11B1E826C008B1CF2 /* DesignableTextField.swift in Sources */,
				88D721B31B1E826C008B1CF2 /* TransitionManager.swift in Sources */,
				88D721AC1B1E826C008B1CF2 /* SpringAnimation.swift in Sources */,
				88D721991B1E826C008B1CF2 /* AsyncButton.swift in Sources */,
				88D721A61B1E826C008B1CF2 /* KeyboardLayoutConstraint.swift in Sources */,
				88D7219D1B1E826C008B1CF2 /* DesignableButton.swift in Sources */,
				88F69FF11B08FC40001C4BBB /* CustomCell.swift in Sources */,
				88705EFD1AD9596C009E0F3C /* AppDelegate.swift in Sources */,
				88D721A31B1E826C008B1CF2 /* DesignableView.swift in Sources */,
				88D721B41B1E826C008B1CF2 /* TransitionZoom.swift in Sources */,
				88D7219C1B1E826C008B1CF2 /* BlurView.swift in Sources */,
				88F22B7F1AD96CF900282A80 /* Directory.swift in Sources */,
				88D721A41B1E826C008B1CF2 /* ImageLoader.swift in Sources */,
				88D721B21B1E826C008B1CF2 /* SpringView.swift in Sources */,
				88D721AF1B1E826C008B1CF2 /* SpringLabel.swift in Sources */,
				88D721A91B1E826C008B1CF2 /* Misc.swift in Sources */,
				88D721A01B1E826C008B1CF2 /* DesignableTabBarController.swift in Sources */,
				88D7219B1B1E826C008B1CF2 /* AutoTextView.swift in Sources */,
				88D721A21B1E826C008B1CF2 /* DesignableTextView.swift in Sources */,
				88D721AB1B1E826C008B1CF2 /* Spring.swift in Sources */,
				88D721AD1B1E826C008B1CF2 /* SpringButton.swift in Sources */,
				88D721B51B1E826C008B1CF2 /* UnwindSegue.swift in Sources */,
				88D7219F1B1E826C008B1CF2 /* DesignableLabel.swift in Sources */,
				88D721AE1B1E826C008B1CF2 /* SpringImageView.swift in Sources */,
				88D721A71B1E826C008B1CF2 /* LoadingView.swift in Sources */,
				88D721B11B1E826C008B1CF2 /* SpringTextView.swift in Sources */,
				88D7219A1B1E826C008B1CF2 /* AsyncImageView.swift in Sources */,
			);
			runOnlyForDeploymentPostprocessing = 0;
		};
		88705F081AD9596C009E0F3C /* Sources */ = {
			isa = PBXSourcesBuildPhase;
			buildActionMask = 2147483647;
			files = (
				88705F131AD9596C009E0F3C /* Customer_ServiceTests.swift in Sources */,
			);
			runOnlyForDeploymentPostprocessing = 0;
		};
/* End PBXSourcesBuildPhase section */

/* Begin PBXTargetDependency section */
		88705F0E1AD9596C009E0F3C /* PBXTargetDependency */ = {
			isa = PBXTargetDependency;
			target = 88705EF61AD9596C009E0F3C /* HelpDial */;
			targetProxy = 88705F0D1AD9596C009E0F3C /* PBXContainerItemProxy */;
		};
/* End PBXTargetDependency section */

/* Begin PBXVariantGroup section */
		88705F051AD9596C009E0F3C /* LaunchScreen.xib */ = {
			isa = PBXVariantGroup;
			children = (
				88705F061AD9596C009E0F3C /* Base */,
			);
			name = LaunchScreen.xib;
			sourceTree = "<group>";
		};
/* End PBXVariantGroup section */

/* Begin XCBuildConfiguration section */
		88705F141AD9596C009E0F3C /* Debug */ = {
			isa = XCBuildConfiguration;
			buildSettings = {
				ALWAYS_SEARCH_USER_PATHS = NO;
				CLANG_CXX_LANGUAGE_STANDARD = "gnu++0x";
				CLANG_CXX_LIBRARY = "libc++";
				CLANG_ENABLE_MODULES = YES;
				CLANG_ENABLE_OBJC_ARC = YES;
				CLANG_WARN_BOOL_CONVERSION = YES;
				CLANG_WARN_CONSTANT_CONVERSION = YES;
				CLANG_WARN_DIRECT_OBJC_ISA_USAGE = YES_ERROR;
				CLANG_WARN_EMPTY_BODY = YES;
				CLANG_WARN_ENUM_CONVERSION = YES;
				CLANG_WARN_INT_CONVERSION = YES;
				CLANG_WARN_OBJC_ROOT_CLASS = YES_ERROR;
				CLANG_WARN_UNREACHABLE_CODE = YES;
				CLANG_WARN__DUPLICATE_METHOD_MATCH = YES;
				"CODE_SIGN_IDENTITY[sdk=iphoneos*]" = "iPhone Developer";
				COPY_PHASE_STRIP = NO;
				ENABLE_STRICT_OBJC_MSGSEND = YES;
				GCC_C_LANGUAGE_STANDARD = gnu99;
				GCC_DYNAMIC_NO_PIC = NO;
				GCC_OPTIMIZATION_LEVEL = 0;
				GCC_PREPROCESSOR_DEFINITIONS = (
					"DEBUG=1",
					"$(inherited)",
				);
				GCC_SYMBOLS_PRIVATE_EXTERN = NO;
				GCC_WARN_64_TO_32_BIT_CONVERSION = YES;
				GCC_WARN_ABOUT_RETURN_TYPE = YES_ERROR;
				GCC_WARN_UNDECLARED_SELECTOR = YES;
				GCC_WARN_UNINITIALIZED_AUTOS = YES_AGGRESSIVE;
				GCC_WARN_UNUSED_FUNCTION = YES;
				GCC_WARN_UNUSED_VARIABLE = YES;
				IPHONEOS_DEPLOYMENT_TARGET = 8.3;
				MTL_ENABLE_DEBUG_INFO = YES;
				ONLY_ACTIVE_ARCH = YES;
				SDKROOT = iphoneos;
				STRIP_INSTALLED_PRODUCT = YES;
				SWIFT_OPTIMIZATION_LEVEL = "-Onone";
				VALIDATE_PRODUCT = YES;
			};
			name = Debug;
		};
		88705F151AD9596C009E0F3C /* Release */ = {
			isa = XCBuildConfiguration;
			buildSettings = {
				ALWAYS_SEARCH_USER_PATHS = NO;
				CLANG_CXX_LANGUAGE_STANDARD = "gnu++0x";
				CLANG_CXX_LIBRARY = "libc++";
				CLANG_ENABLE_MODULES = YES;
				CLANG_ENABLE_OBJC_ARC = YES;
				CLANG_WARN_BOOL_CONVERSION = YES;
				CLANG_WARN_CONSTANT_CONVERSION = YES;
				CLANG_WARN_DIRECT_OBJC_ISA_USAGE = YES_ERROR;
				CLANG_WARN_EMPTY_BODY = YES;
				CLANG_WARN_ENUM_CONVERSION = YES;
				CLANG_WARN_INT_CONVERSION = YES;
				CLANG_WARN_OBJC_ROOT_CLASS = YES_ERROR;
				CLANG_WARN_UNREACHABLE_CODE = YES;
				CLANG_WARN__DUPLICATE_METHOD_MATCH = YES;
				"CODE_SIGN_IDENTITY[sdk=iphoneos*]" = "iPhone Developer";
				COPY_PHASE_STRIP = NO;
				ENABLE_NS_ASSERTIONS = NO;
				ENABLE_STRICT_OBJC_MSGSEND = YES;
				GCC_C_LANGUAGE_STANDARD = gnu99;
				GCC_WARN_64_TO_32_BIT_CONVERSION = YES;
				GCC_WARN_ABOUT_RETURN_TYPE = YES_ERROR;
				GCC_WARN_UNDECLARED_SELECTOR = YES;
				GCC_WARN_UNINITIALIZED_AUTOS = YES_AGGRESSIVE;
				GCC_WARN_UNUSED_FUNCTION = YES;
				GCC_WARN_UNUSED_VARIABLE = YES;
				IPHONEOS_DEPLOYMENT_TARGET = 8.3;
				MTL_ENABLE_DEBUG_INFO = NO;
				ONLY_ACTIVE_ARCH = YES;
				SDKROOT = iphoneos;
				STRIP_INSTALLED_PRODUCT = YES;
				VALIDATE_PRODUCT = YES;
			};
			name = Release;
		};
		88705F171AD9596C009E0F3C /* Debug */ = {
			isa = XCBuildConfiguration;
			buildSettings = {
				ASSETCATALOG_COMPILER_APPICON_NAME = AppIcon;
				CODE_SIGN_IDENTITY = "iPhone Developer";
				"CODE_SIGN_IDENTITY[sdk=iphoneos*]" = "iPhone Developer";
				INFOPLIST_FILE = "Customer Service/Info.plist";
				LD_RUNPATH_SEARCH_PATHS = "$(inherited) @executable_path/Frameworks";
				ONLY_ACTIVE_ARCH = YES;
				PRODUCT_NAME = HelpDial;
				PROVISIONING_PROFILE = "";
				SDKROOT = iphoneos;
			};
			name = Debug;
		};
		88705F181AD9596C009E0F3C /* Release */ = {
			isa = XCBuildConfiguration;
			buildSettings = {
				ASSETCATALOG_COMPILER_APPICON_NAME = AppIcon;
				CODE_SIGN_IDENTITY = "iPhone Developer";
				"CODE_SIGN_IDENTITY[sdk=iphoneos*]" = "iPhone Developer";
				INFOPLIST_FILE = "Customer Service/Info.plist";
				LD_RUNPATH_SEARCH_PATHS = "$(inherited) @executable_path/Frameworks";
				ONLY_ACTIVE_ARCH = YES;
				PRODUCT_NAME = HelpDial;
				PROVISIONING_PROFILE = "";
				SDKROOT = iphoneos;
			};
			name = Release;
		};
		88705F1A1AD9596C009E0F3C /* Debug */ = {
			isa = XCBuildConfiguration;
			buildSettings = {
				BUNDLE_LOADER = "$(TEST_HOST)";
				FRAMEWORK_SEARCH_PATHS = (
					"$(SDKROOT)/Developer/Library/Frameworks",
					"$(inherited)",
				);
				GCC_PREPROCESSOR_DEFINITIONS = (
					"DEBUG=1",
					"$(inherited)",
				);
				INFOPLIST_FILE = "Customer ServiceTests/Info.plist";
				LD_RUNPATH_SEARCH_PATHS = "$(inherited) @executable_path/Frameworks @loader_path/Frameworks";
				PRODUCT_NAME = HelpDialTests;
				TEST_HOST = "$(BUILT_PRODUCTS_DIR)/Customer Service.app/Customer Service";
			};
			name = Debug;
		};
		88705F1B1AD9596C009E0F3C /* Release */ = {
			isa = XCBuildConfiguration;
			buildSettings = {
				BUNDLE_LOADER = "$(TEST_HOST)";
				FRAMEWORK_SEARCH_PATHS = (
					"$(SDKROOT)/Developer/Library/Frameworks",
					"$(inherited)",
				);
				INFOPLIST_FILE = "Customer ServiceTests/Info.plist";
				LD_RUNPATH_SEARCH_PATHS = "$(inherited) @executable_path/Frameworks @loader_path/Frameworks";
				PRODUCT_NAME = HelpDialTests;
				TEST_HOST = "$(BUILT_PRODUCTS_DIR)/Customer Service.app/Customer Service";
			};
			name = Release;
		};
/* End XCBuildConfiguration section */

/* Begin XCConfigurationList section */
		88705EF21AD9596C009E0F3C /* Build configuration list for PBXProject "HelpDial" */ = {
			isa = XCConfigurationList;
			buildConfigurations = (
				88705F141AD9596C009E0F3C /* Debug */,
				88705F151AD9596C009E0F3C /* Release */,
			);
			defaultConfigurationIsVisible = 0;
			defaultConfigurationName = Release;
		};
		88705F161AD9596C009E0F3C /* Build configuration list for PBXNativeTarget "HelpDial" */ = {
			isa = XCConfigurationList;
			buildConfigurations = (
				88705F171AD9596C009E0F3C /* Debug */,
				88705F181AD9596C009E0F3C /* Release */,
			);
			defaultConfigurationIsVisible = 0;
			defaultConfigurationName = Release;
		};
		88705F191AD9596C009E0F3C /* Build configuration list for PBXNativeTarget "HelpDialTests" */ = {
			isa = XCConfigurationList;
			buildConfigurations = (
				88705F1A1AD9596C009E0F3C /* Debug */,
				88705F1B1AD9596C009E0F3C /* Release */,
			);
			defaultConfigurationIsVisible = 0;
			defaultConfigurationName = Release;
		};
/* End XCConfigurationList section */
	};
	rootObject = 88705EEF1AD9596C009E0F3C /* Project object */;
}
